// !$*UTF8*$!
{
	archiveVersion = 1;
	classes = {
	};
	objectVersion = 56;
	objects = {

/* Begin PBXBuildFile section */
		47003A182BD3D2FE008B937A /* CartButtonView.swift in Sources */ = {isa = PBXBuildFile; fileRef = 47003A172BD3D2FE008B937A /* CartButtonView.swift */; };
		47180C2E2BCC75D000078B37 /* ProductDetailViewController.swift in Sources */ = {isa = PBXBuildFile; fileRef = 47180C2D2BCC75D000078B37 /* ProductDetailViewController.swift */; };
		47180C302BCC762800078B37 /* ProductDetailInteractor.swift in Sources */ = {isa = PBXBuildFile; fileRef = 47180C2F2BCC762800078B37 /* ProductDetailInteractor.swift */; };
		47180C322BCC766C00078B37 /* ProductDetailPresenter.swift in Sources */ = {isa = PBXBuildFile; fileRef = 47180C312BCC766C00078B37 /* ProductDetailPresenter.swift */; };
		47180C342BCC76F000078B37 /* ProductDetailRouter.swift in Sources */ = {isa = PBXBuildFile; fileRef = 47180C332BCC76F000078B37 /* ProductDetailRouter.swift */; };
		47180C362BCC92B900078B37 /* ProductDetailsView.swift in Sources */ = {isa = PBXBuildFile; fileRef = 47180C352BCC92B900078B37 /* ProductDetailsView.swift */; };
		47180C382BCC943300078B37 /* ProductDetailsViewPresenter.swift in Sources */ = {isa = PBXBuildFile; fileRef = 47180C372BCC943300078B37 /* ProductDetailsViewPresenter.swift */; };
		47180C3A2BCC95E400078B37 /* ProductDetailsViewBuilder.swift in Sources */ = {isa = PBXBuildFile; fileRef = 47180C392BCC95E400078B37 /* ProductDetailsViewBuilder.swift */; };
		47180C3C2BCDCEB300078B37 /* CartStatusContainerView.swift in Sources */ = {isa = PBXBuildFile; fileRef = 47180C3B2BCDCEB200078B37 /* CartStatusContainerView.swift */; };
		47180C422BCEDEF300078B37 /* ProductListCellPresenter.swift in Sources */ = {isa = PBXBuildFile; fileRef = 47180C412BCEDEF300078B37 /* ProductListCellPresenter.swift */; };
		47180C442BCEE0A500078B37 /* ProductListCellBuilder.swift in Sources */ = {isa = PBXBuildFile; fileRef = 47180C432BCEE0A500078B37 /* ProductListCellBuilder.swift */; };
		47180C462BCEE6C800078B37 /* ProductRepository.swift in Sources */ = {isa = PBXBuildFile; fileRef = 47180C452BCEE6C800078B37 /* ProductRepository.swift */; };
		47180C492BCEE74A00078B37 /* GetirFinalProject.xcdatamodeld in Sources */ = {isa = PBXBuildFile; fileRef = 47180C472BCEE74A00078B37 /* GetirFinalProject.xcdatamodeld */; };
		47180C502BCF192B00078B37 /* ProductListCellInteractor.swift in Sources */ = {isa = PBXBuildFile; fileRef = 47180C4F2BCF192B00078B37 /* ProductListCellInteractor.swift */; };
		476D78C52BC99C2000C7AA57 /* Constants.swift in Sources */ = {isa = PBXBuildFile; fileRef = 476D78C42BC99C2000C7AA57 /* Constants.swift */; };
		476D78C72BC99CE600C7AA57 /* UINavigationController+Extension.swift in Sources */ = {isa = PBXBuildFile; fileRef = 476D78C62BC99CE600C7AA57 /* UINavigationController+Extension.swift */; };
		476D78D02BC9EEF300C7AA57 /* ProductListCell.swift in Sources */ = {isa = PBXBuildFile; fileRef = 476D78CF2BC9EEF300C7AA57 /* ProductListCell.swift */; };
		476D78D42BC9FF8D00C7AA57 /* OpenSans-Bold.ttf in Resources */ = {isa = PBXBuildFile; fileRef = 476D78D22BC9FF8D00C7AA57 /* OpenSans-Bold.ttf */; };
		476D78D52BC9FF8D00C7AA57 /* OpenSans-SemiBold.ttf in Resources */ = {isa = PBXBuildFile; fileRef = 476D78D32BC9FF8D00C7AA57 /* OpenSans-SemiBold.ttf */; };
		476D78D82BCB4FBF00C7AA57 /* NetworkManager.swift in Sources */ = {isa = PBXBuildFile; fileRef = 476D78D72BCB4FBF00C7AA57 /* NetworkManager.swift */; };
		476D78DA2BCB506200C7AA57 /* APIEndpoint.swift in Sources */ = {isa = PBXBuildFile; fileRef = 476D78D92BCB506200C7AA57 /* APIEndpoint.swift */; };
		47CE7A162BD58B1B005ABD27 /* CartListViewController.swift in Sources */ = {isa = PBXBuildFile; fileRef = 47CE7A152BD58B1B005ABD27 /* CartListViewController.swift */; };
		47CE7A182BD58B68005ABD27 /* CartListRouter.swift in Sources */ = {isa = PBXBuildFile; fileRef = 47CE7A172BD58B68005ABD27 /* CartListRouter.swift */; };
		47CE7A1A2BD58BAC005ABD27 /* CartListInteractor.swift in Sources */ = {isa = PBXBuildFile; fileRef = 47CE7A192BD58BAC005ABD27 /* CartListInteractor.swift */; };
		47CE7A1C2BD58BFC005ABD27 /* CartListPresenter.swift in Sources */ = {isa = PBXBuildFile; fileRef = 47CE7A1B2BD58BFC005ABD27 /* CartListPresenter.swift */; };
		47CE7A252BD59535005ABD27 /* CartListCell.swift in Sources */ = {isa = PBXBuildFile; fileRef = 47CE7A242BD59535005ABD27 /* CartListCell.swift */; };
		47CE7A272BD59660005ABD27 /* CartListCellPresenter.swift in Sources */ = {isa = PBXBuildFile; fileRef = 47CE7A262BD59660005ABD27 /* CartListCellPresenter.swift */; };
		47CE7A292BD59AED005ABD27 /* CartListCellInteractor.swift in Sources */ = {isa = PBXBuildFile; fileRef = 47CE7A282BD59AED005ABD27 /* CartListCellInteractor.swift */; };
		47CE7A2B2BD59E04005ABD27 /* CartListCellBuilder.swift in Sources */ = {isa = PBXBuildFile; fileRef = 47CE7A2A2BD59E04005ABD27 /* CartListCellBuilder.swift */; };
		47CE7A2E2BD6A400005ABD27 /* CartListContainerView.swift in Sources */ = {isa = PBXBuildFile; fileRef = 47CE7A2D2BD6A400005ABD27 /* CartListContainerView.swift */; };
		47CE7A302BD6B0C7005ABD27 /* UIViewController+Extension.swift in Sources */ = {isa = PBXBuildFile; fileRef = 47CE7A2F2BD6B0C7005ABD27 /* UIViewController+Extension.swift */; };
		47CE7A332BD6B451005ABD27 /* UICollectionViewCell+Extension.swift in Sources */ = {isa = PBXBuildFile; fileRef = 47CE7A322BD6B451005ABD27 /* UICollectionViewCell+Extension.swift */; };
		47CE7A352BD6B563005ABD27 /* UITableViewCell+Extension.swift in Sources */ = {isa = PBXBuildFile; fileRef = 47CE7A342BD6B563005ABD27 /* UITableViewCell+Extension.swift */; };
		47CE7A372BD6B5A6005ABD27 /* UIColor+Extension.swift in Sources */ = {isa = PBXBuildFile; fileRef = 47CE7A362BD6B5A6005ABD27 /* UIColor+Extension.swift */; };
		47CE7A392BD6B5B4005ABD27 /* UIImage+Extension.swift in Sources */ = {isa = PBXBuildFile; fileRef = 47CE7A382BD6B5B4005ABD27 /* UIImage+Extension.swift */; };
		47CE7A3B2BD6B911005ABD27 /* URL+Extension.swift in Sources */ = {isa = PBXBuildFile; fileRef = 47CE7A3A2BD6B911005ABD27 /* URL+Extension.swift */; };
		47CE7A3D2BD6BA10005ABD27 /* UITableView+Extension.swift in Sources */ = {isa = PBXBuildFile; fileRef = 47CE7A3C2BD6BA10005ABD27 /* UITableView+Extension.swift */; };
		47CE7A3F2BD6BBA2005ABD27 /* UICollectionView+Extension.swift in Sources */ = {isa = PBXBuildFile; fileRef = 47CE7A3E2BD6BBA2005ABD27 /* UICollectionView+Extension.swift */; };
		47CE7A482BD85B09005ABD27 /* SDWebImage in Frameworks */ = {isa = PBXBuildFile; productRef = 47CE7A472BD85B09005ABD27 /* SDWebImage */; };
		47CE7A4A2BD85B09005ABD27 /* SDWebImageMapKit in Frameworks */ = {isa = PBXBuildFile; productRef = 47CE7A492BD85B09005ABD27 /* SDWebImageMapKit */; };
		47CE7A4D2BD86F6F005ABD27 /* HeaderView.swift in Sources */ = {isa = PBXBuildFile; fileRef = 47CE7A4C2BD86F6F005ABD27 /* HeaderView.swift */; };
		47E670A02BC42A4A00517B0D /* AppDelegate.swift in Sources */ = {isa = PBXBuildFile; fileRef = 47E6709F2BC42A4A00517B0D /* AppDelegate.swift */; };
		47E670A22BC42A4A00517B0D /* SceneDelegate.swift in Sources */ = {isa = PBXBuildFile; fileRef = 47E670A12BC42A4A00517B0D /* SceneDelegate.swift */; };
		47E670A92BC42A4C00517B0D /* Assets.xcassets in Resources */ = {isa = PBXBuildFile; fileRef = 47E670A82BC42A4C00517B0D /* Assets.xcassets */; };
		47E670AC2BC42A4C00517B0D /* Base in Resources */ = {isa = PBXBuildFile; fileRef = 47E670AB2BC42A4C00517B0D /* Base */; };
		47E670F62BC43E6000517B0D /* ProductListViewController.swift in Sources */ = {isa = PBXBuildFile; fileRef = 47E670F52BC43E6000517B0D /* ProductListViewController.swift */; };
		47E670F82BC43E6F00517B0D /* ProductListRouter.swift in Sources */ = {isa = PBXBuildFile; fileRef = 47E670F72BC43E6F00517B0D /* ProductListRouter.swift */; };
		47E670FA2BC43E7B00517B0D /* ProductListInteractor.swift in Sources */ = {isa = PBXBuildFile; fileRef = 47E670F92BC43E7B00517B0D /* ProductListInteractor.swift */; };
		47E670FC2BC43E8600517B0D /* ProductListPresenter.swift in Sources */ = {isa = PBXBuildFile; fileRef = 47E670FB2BC43E8600517B0D /* ProductListPresenter.swift */; };
		47E671032BC43FD500517B0D /* ProductListEntity.swift in Sources */ = {isa = PBXBuildFile; fileRef = 47E671022BC43FD500517B0D /* ProductListEntity.swift */; };
		47E671062BC4474D00517B0D /* CombineMoya in Frameworks */ = {isa = PBXBuildFile; productRef = 47E671052BC4474D00517B0D /* CombineMoya */; };
		47E671082BC4474D00517B0D /* Moya in Frameworks */ = {isa = PBXBuildFile; productRef = 47E671072BC4474D00517B0D /* Moya */; };
		47E6710A2BC4474D00517B0D /* ReactiveMoya in Frameworks */ = {isa = PBXBuildFile; productRef = 47E671092BC4474D00517B0D /* ReactiveMoya */; };
		47E6710C2BC4474D00517B0D /* RxMoya in Frameworks */ = {isa = PBXBuildFile; productRef = 47E6710B2BC4474D00517B0D /* RxMoya */; };
		47FD25922BD9ADE00083CF91 /* Observable.swift in Sources */ = {isa = PBXBuildFile; fileRef = 47FD25912BD9ADE00083CF91 /* Observable.swift */; };
		47FD25992BD9F6110083CF91 /* MockProductListViewController.swift in Sources */ = {isa = PBXBuildFile; fileRef = 47FD25982BD9F6110083CF91 /* MockProductListViewController.swift */; };
		47FD259C2BD9F6EA0083CF91 /* ProductListPresenterTest.swift in Sources */ = {isa = PBXBuildFile; fileRef = 47FD259A2BD9F6B20083CF91 /* ProductListPresenterTest.swift */; };
		47FD25A02BD9F8060083CF91 /* MockProductListInteractor.swift in Sources */ = {isa = PBXBuildFile; fileRef = 47FD259F2BD9F8060083CF91 /* MockProductListInteractor.swift */; };
		47FD25A12BD9F8A00083CF91 /* MockProductListRouter.swift in Sources */ = {isa = PBXBuildFile; fileRef = 47FD25962BD9F4F40083CF91 /* MockProductListRouter.swift */; };
		47FD25A42BDA011B0083CF91 /* MockProductDetailViewController.swift in Sources */ = {isa = PBXBuildFile; fileRef = 47FD25A32BDA011B0083CF91 /* MockProductDetailViewController.swift */; };
		47FD25A62BDA012C0083CF91 /* MockProductDetailInteractor.swift in Sources */ = {isa = PBXBuildFile; fileRef = 47FD25A52BDA012C0083CF91 /* MockProductDetailInteractor.swift */; };
		47FD25A82BDA01380083CF91 /* MockProductDetailRouter.swift in Sources */ = {isa = PBXBuildFile; fileRef = 47FD25A72BDA01380083CF91 /* MockProductDetailRouter.swift */; };
		47FD25AA2BDA014B0083CF91 /* ProductDetailPresenterTest.swift in Sources */ = {isa = PBXBuildFile; fileRef = 47FD25A92BDA014B0083CF91 /* ProductDetailPresenterTest.swift */; };
/* End PBXBuildFile section */

/* Begin PBXContainerItemProxy section */
		47E670B32BC42A4C00517B0D /* PBXContainerItemProxy */ = {
			isa = PBXContainerItemProxy;
			containerPortal = 47E670942BC42A4A00517B0D /* Project object */;
			proxyType = 1;
			remoteGlobalIDString = 47E6709B2BC42A4A00517B0D;
			remoteInfo = GetirFinalProject;
		};
/* End PBXContainerItemProxy section */

/* Begin PBXFileReference section */
		47003A172BD3D2FE008B937A /* CartButtonView.swift */ = {isa = PBXFileReference; lastKnownFileType = sourcecode.swift; path = CartButtonView.swift; sourceTree = "<group>"; };
		47180C2D2BCC75D000078B37 /* ProductDetailViewController.swift */ = {isa = PBXFileReference; lastKnownFileType = sourcecode.swift; path = ProductDetailViewController.swift; sourceTree = "<group>"; };
		47180C2F2BCC762800078B37 /* ProductDetailInteractor.swift */ = {isa = PBXFileReference; lastKnownFileType = sourcecode.swift; path = ProductDetailInteractor.swift; sourceTree = "<group>"; };
		47180C312BCC766C00078B37 /* ProductDetailPresenter.swift */ = {isa = PBXFileReference; lastKnownFileType = sourcecode.swift; path = ProductDetailPresenter.swift; sourceTree = "<group>"; };
		47180C332BCC76F000078B37 /* ProductDetailRouter.swift */ = {isa = PBXFileReference; lastKnownFileType = sourcecode.swift; path = ProductDetailRouter.swift; sourceTree = "<group>"; };
		47180C352BCC92B900078B37 /* ProductDetailsView.swift */ = {isa = PBXFileReference; lastKnownFileType = sourcecode.swift; path = ProductDetailsView.swift; sourceTree = "<group>"; };
		47180C372BCC943300078B37 /* ProductDetailsViewPresenter.swift */ = {isa = PBXFileReference; lastKnownFileType = sourcecode.swift; path = ProductDetailsViewPresenter.swift; sourceTree = "<group>"; };
		47180C392BCC95E400078B37 /* ProductDetailsViewBuilder.swift */ = {isa = PBXFileReference; lastKnownFileType = sourcecode.swift; path = ProductDetailsViewBuilder.swift; sourceTree = "<group>"; };
		47180C3B2BCDCEB200078B37 /* CartStatusContainerView.swift */ = {isa = PBXFileReference; lastKnownFileType = sourcecode.swift; path = CartStatusContainerView.swift; sourceTree = "<group>"; };
		47180C412BCEDEF300078B37 /* ProductListCellPresenter.swift */ = {isa = PBXFileReference; lastKnownFileType = sourcecode.swift; path = ProductListCellPresenter.swift; sourceTree = "<group>"; };
		47180C432BCEE0A500078B37 /* ProductListCellBuilder.swift */ = {isa = PBXFileReference; lastKnownFileType = sourcecode.swift; path = ProductListCellBuilder.swift; sourceTree = "<group>"; };
		47180C452BCEE6C800078B37 /* ProductRepository.swift */ = {isa = PBXFileReference; lastKnownFileType = sourcecode.swift; path = ProductRepository.swift; sourceTree = "<group>"; };
		47180C482BCEE74A00078B37 /* ProductInCart.xcdatamodel */ = {isa = PBXFileReference; lastKnownFileType = wrapper.xcdatamodel; path = ProductInCart.xcdatamodel; sourceTree = "<group>"; };
		47180C4F2BCF192B00078B37 /* ProductListCellInteractor.swift */ = {isa = PBXFileReference; lastKnownFileType = sourcecode.swift; path = ProductListCellInteractor.swift; sourceTree = "<group>"; };
		476D78C42BC99C2000C7AA57 /* Constants.swift */ = {isa = PBXFileReference; lastKnownFileType = sourcecode.swift; path = Constants.swift; sourceTree = "<group>"; };
		476D78C62BC99CE600C7AA57 /* UINavigationController+Extension.swift */ = {isa = PBXFileReference; lastKnownFileType = sourcecode.swift; path = "UINavigationController+Extension.swift"; sourceTree = "<group>"; };
		476D78CF2BC9EEF300C7AA57 /* ProductListCell.swift */ = {isa = PBXFileReference; lastKnownFileType = sourcecode.swift; path = ProductListCell.swift; sourceTree = "<group>"; };
		476D78D22BC9FF8D00C7AA57 /* OpenSans-Bold.ttf */ = {isa = PBXFileReference; lastKnownFileType = file; path = "OpenSans-Bold.ttf"; sourceTree = "<group>"; };
		476D78D32BC9FF8D00C7AA57 /* OpenSans-SemiBold.ttf */ = {isa = PBXFileReference; lastKnownFileType = file; path = "OpenSans-SemiBold.ttf"; sourceTree = "<group>"; };
		476D78D72BCB4FBF00C7AA57 /* NetworkManager.swift */ = {isa = PBXFileReference; lastKnownFileType = sourcecode.swift; path = NetworkManager.swift; sourceTree = "<group>"; };
		476D78D92BCB506200C7AA57 /* APIEndpoint.swift */ = {isa = PBXFileReference; lastKnownFileType = sourcecode.swift; path = APIEndpoint.swift; sourceTree = "<group>"; };
		47CE7A152BD58B1B005ABD27 /* CartListViewController.swift */ = {isa = PBXFileReference; lastKnownFileType = sourcecode.swift; path = CartListViewController.swift; sourceTree = "<group>"; };
		47CE7A172BD58B68005ABD27 /* CartListRouter.swift */ = {isa = PBXFileReference; lastKnownFileType = sourcecode.swift; path = CartListRouter.swift; sourceTree = "<group>"; };
		47CE7A192BD58BAC005ABD27 /* CartListInteractor.swift */ = {isa = PBXFileReference; lastKnownFileType = sourcecode.swift; path = CartListInteractor.swift; sourceTree = "<group>"; };
		47CE7A1B2BD58BFC005ABD27 /* CartListPresenter.swift */ = {isa = PBXFileReference; lastKnownFileType = sourcecode.swift; path = CartListPresenter.swift; sourceTree = "<group>"; };
		47CE7A242BD59535005ABD27 /* CartListCell.swift */ = {isa = PBXFileReference; lastKnownFileType = sourcecode.swift; path = CartListCell.swift; sourceTree = "<group>"; };
		47CE7A262BD59660005ABD27 /* CartListCellPresenter.swift */ = {isa = PBXFileReference; lastKnownFileType = sourcecode.swift; path = CartListCellPresenter.swift; sourceTree = "<group>"; };
		47CE7A282BD59AED005ABD27 /* CartListCellInteractor.swift */ = {isa = PBXFileReference; lastKnownFileType = sourcecode.swift; path = CartListCellInteractor.swift; sourceTree = "<group>"; };
		47CE7A2A2BD59E04005ABD27 /* CartListCellBuilder.swift */ = {isa = PBXFileReference; lastKnownFileType = sourcecode.swift; path = CartListCellBuilder.swift; sourceTree = "<group>"; };
		47CE7A2D2BD6A400005ABD27 /* CartListContainerView.swift */ = {isa = PBXFileReference; lastKnownFileType = sourcecode.swift; path = CartListContainerView.swift; sourceTree = "<group>"; };
		47CE7A2F2BD6B0C7005ABD27 /* UIViewController+Extension.swift */ = {isa = PBXFileReference; lastKnownFileType = sourcecode.swift; path = "UIViewController+Extension.swift"; sourceTree = "<group>"; };
		47CE7A322BD6B451005ABD27 /* UICollectionViewCell+Extension.swift */ = {isa = PBXFileReference; lastKnownFileType = sourcecode.swift; path = "UICollectionViewCell+Extension.swift"; sourceTree = "<group>"; };
		47CE7A342BD6B563005ABD27 /* UITableViewCell+Extension.swift */ = {isa = PBXFileReference; lastKnownFileType = sourcecode.swift; path = "UITableViewCell+Extension.swift"; sourceTree = "<group>"; };
		47CE7A362BD6B5A6005ABD27 /* UIColor+Extension.swift */ = {isa = PBXFileReference; lastKnownFileType = sourcecode.swift; path = "UIColor+Extension.swift"; sourceTree = "<group>"; };
		47CE7A382BD6B5B4005ABD27 /* UIImage+Extension.swift */ = {isa = PBXFileReference; lastKnownFileType = sourcecode.swift; path = "UIImage+Extension.swift"; sourceTree = "<group>"; };
		47CE7A3A2BD6B911005ABD27 /* URL+Extension.swift */ = {isa = PBXFileReference; lastKnownFileType = sourcecode.swift; path = "URL+Extension.swift"; sourceTree = "<group>"; };
		47CE7A3C2BD6BA10005ABD27 /* UITableView+Extension.swift */ = {isa = PBXFileReference; lastKnownFileType = sourcecode.swift; path = "UITableView+Extension.swift"; sourceTree = "<group>"; };
		47CE7A3E2BD6BBA2005ABD27 /* UICollectionView+Extension.swift */ = {isa = PBXFileReference; lastKnownFileType = sourcecode.swift; path = "UICollectionView+Extension.swift"; sourceTree = "<group>"; };
		47CE7A4C2BD86F6F005ABD27 /* HeaderView.swift */ = {isa = PBXFileReference; lastKnownFileType = sourcecode.swift; path = HeaderView.swift; sourceTree = "<group>"; };
		47E6709C2BC42A4A00517B0D /* GetirFinalProject.app */ = {isa = PBXFileReference; explicitFileType = wrapper.application; includeInIndex = 0; path = GetirFinalProject.app; sourceTree = BUILT_PRODUCTS_DIR; };
		47E6709F2BC42A4A00517B0D /* AppDelegate.swift */ = {isa = PBXFileReference; lastKnownFileType = sourcecode.swift; path = AppDelegate.swift; sourceTree = "<group>"; };
		47E670A12BC42A4A00517B0D /* SceneDelegate.swift */ = {isa = PBXFileReference; lastKnownFileType = sourcecode.swift; path = SceneDelegate.swift; sourceTree = "<group>"; };
		47E670A82BC42A4C00517B0D /* Assets.xcassets */ = {isa = PBXFileReference; lastKnownFileType = folder.assetcatalog; path = Assets.xcassets; sourceTree = "<group>"; };
		47E670AB2BC42A4C00517B0D /* Base */ = {isa = PBXFileReference; lastKnownFileType = file.storyboard; name = Base; path = Base.lproj/LaunchScreen.storyboard; sourceTree = "<group>"; };
		47E670AD2BC42A4C00517B0D /* Info.plist */ = {isa = PBXFileReference; lastKnownFileType = text.plist.xml; name = Info.plist; path = GetirFinalProject/App/Info.plist; sourceTree = SOURCE_ROOT; };
		47E670B22BC42A4C00517B0D /* GetirFinalProjectTests.xctest */ = {isa = PBXFileReference; explicitFileType = wrapper.cfbundle; includeInIndex = 0; path = GetirFinalProjectTests.xctest; sourceTree = BUILT_PRODUCTS_DIR; };
		47E670F52BC43E6000517B0D /* ProductListViewController.swift */ = {isa = PBXFileReference; lastKnownFileType = sourcecode.swift; path = ProductListViewController.swift; sourceTree = "<group>"; };
		47E670F72BC43E6F00517B0D /* ProductListRouter.swift */ = {isa = PBXFileReference; lastKnownFileType = sourcecode.swift; path = ProductListRouter.swift; sourceTree = "<group>"; };
		47E670F92BC43E7B00517B0D /* ProductListInteractor.swift */ = {isa = PBXFileReference; lastKnownFileType = sourcecode.swift; path = ProductListInteractor.swift; sourceTree = "<group>"; };
		47E670FB2BC43E8600517B0D /* ProductListPresenter.swift */ = {isa = PBXFileReference; lastKnownFileType = sourcecode.swift; path = ProductListPresenter.swift; sourceTree = "<group>"; };
		47E671022BC43FD500517B0D /* ProductListEntity.swift */ = {isa = PBXFileReference; lastKnownFileType = sourcecode.swift; path = ProductListEntity.swift; sourceTree = "<group>"; };
		47FD25912BD9ADE00083CF91 /* Observable.swift */ = {isa = PBXFileReference; lastKnownFileType = sourcecode.swift; path = Observable.swift; sourceTree = "<group>"; };
		47FD25962BD9F4F40083CF91 /* MockProductListRouter.swift */ = {isa = PBXFileReference; lastKnownFileType = sourcecode.swift; path = MockProductListRouter.swift; sourceTree = "<group>"; };
		47FD25982BD9F6110083CF91 /* MockProductListViewController.swift */ = {isa = PBXFileReference; lastKnownFileType = sourcecode.swift; path = MockProductListViewController.swift; sourceTree = "<group>"; };
		47FD259A2BD9F6B20083CF91 /* ProductListPresenterTest.swift */ = {isa = PBXFileReference; lastKnownFileType = sourcecode.swift; path = ProductListPresenterTest.swift; sourceTree = "<group>"; };
		47FD259F2BD9F8060083CF91 /* MockProductListInteractor.swift */ = {isa = PBXFileReference; lastKnownFileType = sourcecode.swift; path = MockProductListInteractor.swift; sourceTree = "<group>"; };
		47FD25A32BDA011B0083CF91 /* MockProductDetailViewController.swift */ = {isa = PBXFileReference; lastKnownFileType = sourcecode.swift; path = MockProductDetailViewController.swift; sourceTree = "<group>"; };
		47FD25A52BDA012C0083CF91 /* MockProductDetailInteractor.swift */ = {isa = PBXFileReference; lastKnownFileType = sourcecode.swift; path = MockProductDetailInteractor.swift; sourceTree = "<group>"; };
		47FD25A72BDA01380083CF91 /* MockProductDetailRouter.swift */ = {isa = PBXFileReference; lastKnownFileType = sourcecode.swift; path = MockProductDetailRouter.swift; sourceTree = "<group>"; };
		47FD25A92BDA014B0083CF91 /* ProductDetailPresenterTest.swift */ = {isa = PBXFileReference; lastKnownFileType = sourcecode.swift; path = ProductDetailPresenterTest.swift; sourceTree = "<group>"; };
/* End PBXFileReference section */

/* Begin PBXFrameworksBuildPhase section */
		47E670992BC42A4A00517B0D /* Frameworks */ = {
			isa = PBXFrameworksBuildPhase;
			buildActionMask = 2147483647;
			files = (
				47E671082BC4474D00517B0D /* Moya in Frameworks */,
				47E671062BC4474D00517B0D /* CombineMoya in Frameworks */,
				47E6710C2BC4474D00517B0D /* RxMoya in Frameworks */,
				47E6710A2BC4474D00517B0D /* ReactiveMoya in Frameworks */,
				47CE7A4A2BD85B09005ABD27 /* SDWebImageMapKit in Frameworks */,
				47CE7A482BD85B09005ABD27 /* SDWebImage in Frameworks */,
			);
			runOnlyForDeploymentPostprocessing = 0;
		};
		47E670AF2BC42A4C00517B0D /* Frameworks */ = {
			isa = PBXFrameworksBuildPhase;
			buildActionMask = 2147483647;
			files = (
			);
			runOnlyForDeploymentPostprocessing = 0;
		};
/* End PBXFrameworksBuildPhase section */

/* Begin PBXGroup section */
		47180C282BCC756F00078B37 /* View */ = {
			isa = PBXGroup;
			children = (
				47180C2D2BCC75D000078B37 /* ProductDetailViewController.swift */,
			);
			path = View;
			sourceTree = "<group>";
		};
		47180C292BCC757300078B37 /* Interactor */ = {
			isa = PBXGroup;
			children = (
				47180C2F2BCC762800078B37 /* ProductDetailInteractor.swift */,
			);
			path = Interactor;
			sourceTree = "<group>";
		};
		47180C2A2BCC757800078B37 /* Presenter */ = {
			isa = PBXGroup;
			children = (
				47180C312BCC766C00078B37 /* ProductDetailPresenter.swift */,
			);
			path = Presenter;
			sourceTree = "<group>";
		};
		47180C2C2BCC758200078B37 /* Router */ = {
			isa = PBXGroup;
			children = (
				47180C332BCC76F000078B37 /* ProductDetailRouter.swift */,
			);
			path = Router;
			sourceTree = "<group>";
		};
		47180C3F2BCEDD1400078B37 /* Builder */ = {
			isa = PBXGroup;
			children = (
				47180C432BCEE0A500078B37 /* ProductListCellBuilder.swift */,
			);
			path = Builder;
			sourceTree = "<group>";
		};
		47180C402BCEDD1900078B37 /* Presenter */ = {
			isa = PBXGroup;
			children = (
				47180C412BCEDEF300078B37 /* ProductListCellPresenter.swift */,
			);
			path = Presenter;
			sourceTree = "<group>";
		};
		47180C4E2BCF191800078B37 /* Interactor */ = {
			isa = PBXGroup;
			children = (
				47180C4F2BCF192B00078B37 /* ProductListCellInteractor.swift */,
			);
			path = Interactor;
			sourceTree = "<group>";
		};
		476D78CE2BC9A7AD00C7AA57 /* Helper */ = {
			isa = PBXGroup;
			children = (
				47FD25902BD9ADD50083CF91 /* Observable */,
				476D78FC2BCB70A000C7AA57 /* View */,
				476D78FA2BCB706B00C7AA57 /* Constants */,
			);
			path = Helper;
			sourceTree = "<group>";
		};
		476D78D12BC9FF6500C7AA57 /* Fonts */ = {
			isa = PBXGroup;
			children = (
				476D78D22BC9FF8D00C7AA57 /* OpenSans-Bold.ttf */,
				476D78D32BC9FF8D00C7AA57 /* OpenSans-SemiBold.ttf */,
			);
			path = Fonts;
			sourceTree = "<group>";
		};
		476D78E92BCB61F800C7AA57 /* Extensions */ = {
			isa = PBXGroup;
			children = (
				476D78C62BC99CE600C7AA57 /* UINavigationController+Extension.swift */,
				47CE7A2F2BD6B0C7005ABD27 /* UIViewController+Extension.swift */,
				47CE7A322BD6B451005ABD27 /* UICollectionViewCell+Extension.swift */,
				47CE7A342BD6B563005ABD27 /* UITableViewCell+Extension.swift */,
				47CE7A362BD6B5A6005ABD27 /* UIColor+Extension.swift */,
				47CE7A382BD6B5B4005ABD27 /* UIImage+Extension.swift */,
				47CE7A3A2BD6B911005ABD27 /* URL+Extension.swift */,
				47CE7A3C2BD6BA10005ABD27 /* UITableView+Extension.swift */,
				47CE7A3E2BD6BBA2005ABD27 /* UICollectionView+Extension.swift */,
			);
			path = Extensions;
			sourceTree = "<group>";
		};
		476D78EC2BCB623900C7AA57 /* Network */ = {
			isa = PBXGroup;
			children = (
				476D78EE2BCB628100C7AA57 /* APIEndpoint */,
				476D78ED2BCB627700C7AA57 /* Manager */,
			);
			path = Network;
			sourceTree = "<group>";
		};
		476D78ED2BCB627700C7AA57 /* Manager */ = {
			isa = PBXGroup;
			children = (
				476D78D72BCB4FBF00C7AA57 /* NetworkManager.swift */,
			);
			path = Manager;
			sourceTree = "<group>";
		};
		476D78EE2BCB628100C7AA57 /* APIEndpoint */ = {
			isa = PBXGroup;
			children = (
				476D78D92BCB506200C7AA57 /* APIEndpoint.swift */,
			);
			path = APIEndpoint;
			sourceTree = "<group>";
		};
		476D78EF2BCB633600C7AA57 /* Cell */ = {
			isa = PBXGroup;
			children = (
				476D78F02BCB633F00C7AA57 /* ProductListCell */,
			);
			path = Cell;
			sourceTree = "<group>";
		};
		476D78F02BCB633F00C7AA57 /* ProductListCell */ = {
			isa = PBXGroup;
			children = (
				47180C4E2BCF191800078B37 /* Interactor */,
				476D78F32BCB643800C7AA57 /* View */,
				47180C402BCEDD1900078B37 /* Presenter */,
				47180C3F2BCEDD1400078B37 /* Builder */,
			);
			path = ProductListCell;
			sourceTree = "<group>";
		};
		476D78F32BCB643800C7AA57 /* View */ = {
			isa = PBXGroup;
			children = (
				476D78CF2BC9EEF300C7AA57 /* ProductListCell.swift */,
			);
			path = View;
			sourceTree = "<group>";
		};
		476D78F82BCB704D00C7AA57 /* ProductDetail */ = {
			isa = PBXGroup;
			children = (
				47180C282BCC756F00078B37 /* View */,
				47180C292BCC757300078B37 /* Interactor */,
				47180C2A2BCC757800078B37 /* Presenter */,
				47180C2C2BCC758200078B37 /* Router */,
			);
			path = ProductDetail;
			sourceTree = "<group>";
		};
		476D78FA2BCB706B00C7AA57 /* Constants */ = {
			isa = PBXGroup;
			children = (
				476D78C42BC99C2000C7AA57 /* Constants.swift */,
			);
			path = Constants;
			sourceTree = "<group>";
		};
		476D78FC2BCB70A000C7AA57 /* View */ = {
			isa = PBXGroup;
			children = (
				47CE7A4B2BD86F5D005ABD27 /* HeaderView */,
				47CE7A2C2BD6A3CB005ABD27 /* CartListContainer */,
				47CE7A052BD5873A005ABD27 /* CartButton */,
				47CE7A042BD58730005ABD27 /* CartStatus */,
				47CE7A002BD586D9005ABD27 /* ProductDetails */,
				47E670A82BC42A4C00517B0D /* Assets.xcassets */,
				47E670AA2BC42A4C00517B0D /* LaunchScreen.storyboard */,
			);
			path = View;
			sourceTree = "<group>";
		};
		47CE7A002BD586D9005ABD27 /* ProductDetails */ = {
			isa = PBXGroup;
			children = (
				47CE7A012BD586F9005ABD27 /* View */,
				47CE7A022BD586FF005ABD27 /* Presenter */,
				47CE7A032BD5870C005ABD27 /* Builder */,
			);
			path = ProductDetails;
			sourceTree = "<group>";
		};
		47CE7A012BD586F9005ABD27 /* View */ = {
			isa = PBXGroup;
			children = (
				47180C352BCC92B900078B37 /* ProductDetailsView.swift */,
			);
			path = View;
			sourceTree = "<group>";
		};
		47CE7A022BD586FF005ABD27 /* Presenter */ = {
			isa = PBXGroup;
			children = (
				47180C372BCC943300078B37 /* ProductDetailsViewPresenter.swift */,
			);
			path = Presenter;
			sourceTree = "<group>";
		};
		47CE7A032BD5870C005ABD27 /* Builder */ = {
			isa = PBXGroup;
			children = (
				47180C392BCC95E400078B37 /* ProductDetailsViewBuilder.swift */,
			);
			path = Builder;
			sourceTree = "<group>";
		};
		47CE7A042BD58730005ABD27 /* CartStatus */ = {
			isa = PBXGroup;
			children = (
				47180C3B2BCDCEB200078B37 /* CartStatusContainerView.swift */,
			);
			path = CartStatus;
			sourceTree = "<group>";
		};
		47CE7A052BD5873A005ABD27 /* CartButton */ = {
			isa = PBXGroup;
			children = (
				47003A172BD3D2FE008B937A /* CartButtonView.swift */,
			);
			path = CartButton;
			sourceTree = "<group>";
		};
		47CE7A0F2BD5897D005ABD27 /* CoreData */ = {
			isa = PBXGroup;
			children = (
				47180C472BCEE74A00078B37 /* GetirFinalProject.xcdatamodeld */,
				47180C452BCEE6C800078B37 /* ProductRepository.swift */,
			);
			path = CoreData;
			sourceTree = "<group>";
		};
		47CE7A102BD58A0E005ABD27 /* CartList */ = {
			isa = PBXGroup;
			children = (
				47CE7A112BD58AB9005ABD27 /* View */,
				47CE7A122BD58AC5005ABD27 /* Interactor */,
				47CE7A132BD58ACE005ABD27 /* Presenter */,
				47CE7A142BD58AD6005ABD27 /* Router */,
				47CE7A1D2BD594D8005ABD27 /* Cell */,
			);
			path = CartList;
			sourceTree = "<group>";
		};
		47CE7A112BD58AB9005ABD27 /* View */ = {
			isa = PBXGroup;
			children = (
				47CE7A152BD58B1B005ABD27 /* CartListViewController.swift */,
			);
			path = View;
			sourceTree = "<group>";
		};
		47CE7A122BD58AC5005ABD27 /* Interactor */ = {
			isa = PBXGroup;
			children = (
				47CE7A192BD58BAC005ABD27 /* CartListInteractor.swift */,
			);
			path = Interactor;
			sourceTree = "<group>";
		};
		47CE7A132BD58ACE005ABD27 /* Presenter */ = {
			isa = PBXGroup;
			children = (
				47CE7A1B2BD58BFC005ABD27 /* CartListPresenter.swift */,
			);
			path = Presenter;
			sourceTree = "<group>";
		};
		47CE7A142BD58AD6005ABD27 /* Router */ = {
			isa = PBXGroup;
			children = (
				47CE7A172BD58B68005ABD27 /* CartListRouter.swift */,
			);
			path = Router;
			sourceTree = "<group>";
		};
		47CE7A1D2BD594D8005ABD27 /* Cell */ = {
			isa = PBXGroup;
			children = (
				47CE7A1E2BD594FD005ABD27 /* CartListCell */,
			);
			path = Cell;
			sourceTree = "<group>";
		};
		47CE7A1E2BD594FD005ABD27 /* CartListCell */ = {
			isa = PBXGroup;
			children = (
				47CE7A232BD59519005ABD27 /* Builder */,
				47CE7A222BD59515005ABD27 /* Presenter */,
				47CE7A212BD5950F005ABD27 /* View */,
				47CE7A1F2BD59504005ABD27 /* Interactor */,
			);
			path = CartListCell;
			sourceTree = "<group>";
		};
		47CE7A1F2BD59504005ABD27 /* Interactor */ = {
			isa = PBXGroup;
			children = (
				47CE7A282BD59AED005ABD27 /* CartListCellInteractor.swift */,
			);
			path = Interactor;
			sourceTree = "<group>";
		};
		47CE7A212BD5950F005ABD27 /* View */ = {
			isa = PBXGroup;
			children = (
				47CE7A242BD59535005ABD27 /* CartListCell.swift */,
			);
			path = View;
			sourceTree = "<group>";
		};
		47CE7A222BD59515005ABD27 /* Presenter */ = {
			isa = PBXGroup;
			children = (
				47CE7A262BD59660005ABD27 /* CartListCellPresenter.swift */,
			);
			path = Presenter;
			sourceTree = "<group>";
		};
		47CE7A232BD59519005ABD27 /* Builder */ = {
			isa = PBXGroup;
			children = (
				47CE7A2A2BD59E04005ABD27 /* CartListCellBuilder.swift */,
			);
			path = Builder;
			sourceTree = "<group>";
		};
		47CE7A2C2BD6A3CB005ABD27 /* CartListContainer */ = {
			isa = PBXGroup;
			children = (
				47CE7A2D2BD6A400005ABD27 /* CartListContainerView.swift */,
			);
			path = CartListContainer;
			sourceTree = "<group>";
		};
		47CE7A312BD6B366005ABD27 /* Module */ = {
			isa = PBXGroup;
			children = (
				47E670F42BC43E3500517B0D /* ProductList */,
				476D78F82BCB704D00C7AA57 /* ProductDetail */,
				47CE7A102BD58A0E005ABD27 /* CartList */,
			);
			path = Module;
			sourceTree = "<group>";
		};
		47CE7A4B2BD86F5D005ABD27 /* HeaderView */ = {
			isa = PBXGroup;
			children = (
				47CE7A4C2BD86F6F005ABD27 /* HeaderView.swift */,
			);
			path = HeaderView;
			sourceTree = "<group>";
		};
		47E670932BC42A4A00517B0D = {
			isa = PBXGroup;
			children = (
				47E6709E2BC42A4A00517B0D /* GetirFinalProject */,
				47E670B52BC42A4C00517B0D /* GetirFinalProjectTests */,
				47E6709D2BC42A4A00517B0D /* Products */,
			);
			sourceTree = "<group>";
		};
		47E6709D2BC42A4A00517B0D /* Products */ = {
			isa = PBXGroup;
			children = (
				47E6709C2BC42A4A00517B0D /* GetirFinalProject.app */,
				47E670B22BC42A4C00517B0D /* GetirFinalProjectTests.xctest */,
			);
			name = Products;
			sourceTree = "<group>";
		};
		47E6709E2BC42A4A00517B0D /* GetirFinalProject */ = {
			isa = PBXGroup;
			children = (
				47CE7A0F2BD5897D005ABD27 /* CoreData */,
				47E670F32BC43E2500517B0D /* App */,
				476D78EC2BCB623900C7AA57 /* Network */,
				476D78E92BCB61F800C7AA57 /* Extensions */,
				47CE7A312BD6B366005ABD27 /* Module */,
				476D78D12BC9FF6500C7AA57 /* Fonts */,
				476D78CE2BC9A7AD00C7AA57 /* Helper */,
			);
			path = GetirFinalProject;
			sourceTree = "<group>";
		};
		47E670B52BC42A4C00517B0D /* GetirFinalProjectTests */ = {
			isa = PBXGroup;
			children = (
				47FD25A22BDA00FA0083CF91 /* ProductDetailTest */,
				47FD259E2BD9F7C50083CF91 /* ProductListTest */,
			);
			path = GetirFinalProjectTests;
			sourceTree = "<group>";
		};
		47E670F32BC43E2500517B0D /* App */ = {
			isa = PBXGroup;
			children = (
				47E670AD2BC42A4C00517B0D /* Info.plist */,
				47E670A12BC42A4A00517B0D /* SceneDelegate.swift */,
				47E6709F2BC42A4A00517B0D /* AppDelegate.swift */,
			);
			path = App;
			sourceTree = "<group>";
		};
		47E670F42BC43E3500517B0D /* ProductList */ = {
			isa = PBXGroup;
			children = (
				47E670FD2BC43F0200517B0D /* View */,
				47E670FF2BC43F1B00517B0D /* Interactor */,
				47E671002BC43F2400517B0D /* Presenter */,
				47E670FE2BC43F0F00517B0D /* Entity */,
				47E671012BC43F3400517B0D /* Router */,
				476D78EF2BCB633600C7AA57 /* Cell */,
			);
			path = ProductList;
			sourceTree = "<group>";
		};
		47E670FD2BC43F0200517B0D /* View */ = {
			isa = PBXGroup;
			children = (
				47E670F52BC43E6000517B0D /* ProductListViewController.swift */,
			);
			path = View;
			sourceTree = "<group>";
		};
		47E670FE2BC43F0F00517B0D /* Entity */ = {
			isa = PBXGroup;
			children = (
				47E671022BC43FD500517B0D /* ProductListEntity.swift */,
			);
			path = Entity;
			sourceTree = "<group>";
		};
		47E670FF2BC43F1B00517B0D /* Interactor */ = {
			isa = PBXGroup;
			children = (
				47E670F92BC43E7B00517B0D /* ProductListInteractor.swift */,
			);
			path = Interactor;
			sourceTree = "<group>";
		};
		47E671002BC43F2400517B0D /* Presenter */ = {
			isa = PBXGroup;
			children = (
				47E670FB2BC43E8600517B0D /* ProductListPresenter.swift */,
			);
			path = Presenter;
			sourceTree = "<group>";
		};
		47E671012BC43F3400517B0D /* Router */ = {
			isa = PBXGroup;
			children = (
				47E670F72BC43E6F00517B0D /* ProductListRouter.swift */,
			);
			path = Router;
			sourceTree = "<group>";
		};
		47FD25902BD9ADD50083CF91 /* Observable */ = {
			isa = PBXGroup;
			children = (
				47FD25912BD9ADE00083CF91 /* Observable.swift */,
			);
			path = Observable;
			sourceTree = "<group>";
		};
		47FD259E2BD9F7C50083CF91 /* ProductListTest */ = {
			isa = PBXGroup;
			children = (
				47FD259F2BD9F8060083CF91 /* MockProductListInteractor.swift */,
				47FD25962BD9F4F40083CF91 /* MockProductListRouter.swift */,
				47FD25982BD9F6110083CF91 /* MockProductListViewController.swift */,
				47FD259A2BD9F6B20083CF91 /* ProductListPresenterTest.swift */,
			);
			path = ProductListTest;
			sourceTree = "<group>";
		};
		47FD25A22BDA00FA0083CF91 /* ProductDetailTest */ = {
			isa = PBXGroup;
			children = (
				47FD25A32BDA011B0083CF91 /* MockProductDetailViewController.swift */,
				47FD25A52BDA012C0083CF91 /* MockProductDetailInteractor.swift */,
				47FD25A72BDA01380083CF91 /* MockProductDetailRouter.swift */,
				47FD25A92BDA014B0083CF91 /* ProductDetailPresenterTest.swift */,
			);
			path = ProductDetailTest;
			sourceTree = "<group>";
		};
/* End PBXGroup section */

/* Begin PBXNativeTarget section */
		47E6709B2BC42A4A00517B0D /* GetirFinalProject */ = {
			isa = PBXNativeTarget;
			buildConfigurationList = 47E670C62BC42A4C00517B0D /* Build configuration list for PBXNativeTarget "GetirFinalProject" */;
			buildPhases = (
				47E670982BC42A4A00517B0D /* Sources */,
				47E670992BC42A4A00517B0D /* Frameworks */,
				47E6709A2BC42A4A00517B0D /* Resources */,
				47F683862BD9A6F500DD94E8 /* ShellScript */,
			);
			buildRules = (
			);
			dependencies = (
			);
			name = GetirFinalProject;
			packageProductDependencies = (
				47E671052BC4474D00517B0D /* CombineMoya */,
				47E671072BC4474D00517B0D /* Moya */,
				47E671092BC4474D00517B0D /* ReactiveMoya */,
				47E6710B2BC4474D00517B0D /* RxMoya */,
				47CE7A472BD85B09005ABD27 /* SDWebImage */,
				47CE7A492BD85B09005ABD27 /* SDWebImageMapKit */,
			);
			productName = GetirFinalProject;
			productReference = 47E6709C2BC42A4A00517B0D /* GetirFinalProject.app */;
			productType = "com.apple.product-type.application";
		};
		47E670B12BC42A4C00517B0D /* GetirFinalProjectTests */ = {
			isa = PBXNativeTarget;
			buildConfigurationList = 47E670C92BC42A4C00517B0D /* Build configuration list for PBXNativeTarget "GetirFinalProjectTests" */;
			buildPhases = (
				47E670AE2BC42A4C00517B0D /* Sources */,
				47E670AF2BC42A4C00517B0D /* Frameworks */,
				47E670B02BC42A4C00517B0D /* Resources */,
			);
			buildRules = (
			);
			dependencies = (
				47E670B42BC42A4C00517B0D /* PBXTargetDependency */,
			);
			name = GetirFinalProjectTests;
			productName = GetirFinalProjectTests;
			productReference = 47E670B22BC42A4C00517B0D /* GetirFinalProjectTests.xctest */;
			productType = "com.apple.product-type.bundle.unit-test";
		};
/* End PBXNativeTarget section */

/* Begin PBXProject section */
		47E670942BC42A4A00517B0D /* Project object */ = {
			isa = PBXProject;
			attributes = {
				BuildIndependentTargetsInParallel = 1;
				LastSwiftUpdateCheck = 1530;
				LastUpgradeCheck = 1530;
				TargetAttributes = {
					47E6709B2BC42A4A00517B0D = {
						CreatedOnToolsVersion = 15.3;
					};
					47E670B12BC42A4C00517B0D = {
						CreatedOnToolsVersion = 15.3;
						TestTargetID = 47E6709B2BC42A4A00517B0D;
					};
				};
			};
			buildConfigurationList = 47E670972BC42A4A00517B0D /* Build configuration list for PBXProject "GetirFinalProject" */;
			compatibilityVersion = "Xcode 14.0";
			developmentRegion = en;
			hasScannedForEncodings = 0;
			knownRegions = (
				en,
				Base,
			);
			mainGroup = 47E670932BC42A4A00517B0D;
			packageReferences = (
				47E671042BC4474D00517B0D /* XCRemoteSwiftPackageReference "Moya" */,
				47CE7A462BD85B09005ABD27 /* XCRemoteSwiftPackageReference "SDWebImage" */,
			);
			productRefGroup = 47E6709D2BC42A4A00517B0D /* Products */;
			projectDirPath = "";
			projectRoot = "";
			targets = (
				47E6709B2BC42A4A00517B0D /* GetirFinalProject */,
				47E670B12BC42A4C00517B0D /* GetirFinalProjectTests */,
			);
		};
/* End PBXProject section */

/* Begin PBXResourcesBuildPhase section */
		47E6709A2BC42A4A00517B0D /* Resources */ = {
			isa = PBXResourcesBuildPhase;
			buildActionMask = 2147483647;
			files = (
				47E670A92BC42A4C00517B0D /* Assets.xcassets in Resources */,
				476D78D52BC9FF8D00C7AA57 /* OpenSans-SemiBold.ttf in Resources */,
				476D78D42BC9FF8D00C7AA57 /* OpenSans-Bold.ttf in Resources */,
				47E670AC2BC42A4C00517B0D /* Base in Resources */,
			);
			runOnlyForDeploymentPostprocessing = 0;
		};
		47E670B02BC42A4C00517B0D /* Resources */ = {
			isa = PBXResourcesBuildPhase;
			buildActionMask = 2147483647;
			files = (
			);
			runOnlyForDeploymentPostprocessing = 0;
		};
/* End PBXResourcesBuildPhase section */

/* Begin PBXShellScriptBuildPhase section */
		47F683862BD9A6F500DD94E8 /* ShellScript */ = {
			isa = PBXShellScriptBuildPhase;
			alwaysOutOfDate = 1;
			buildActionMask = 2147483647;
			files = (
			);
			inputFileListPaths = (
			);
			inputPaths = (
			);
			outputFileListPaths = (
			);
			outputPaths = (
			);
			runOnlyForDeploymentPostprocessing = 0;
			shellPath = /bin/sh;
			shellScript = "if [[ \"$(uname -m)\" == arm64 ]]; then\n    export PATH=\"/opt/homebrew/bin:$PATH\"\nfi\n\nif which swiftlint > /dev/null; then\n  swiftlint\nelse\n  echo \"warning: SwiftLint not installed, download from https://github.com/realm/SwiftLint\"\nfi\n";
			showEnvVarsInLog = 0;
		};
/* End PBXShellScriptBuildPhase section */

/* Begin PBXSourcesBuildPhase section */
		47E670982BC42A4A00517B0D /* Sources */ = {
			isa = PBXSourcesBuildPhase;
			buildActionMask = 2147483647;
			files = (
				47CE7A182BD58B68005ABD27 /* CartListRouter.swift in Sources */,
				47CE7A302BD6B0C7005ABD27 /* UIViewController+Extension.swift in Sources */,
				47E670F82BC43E6F00517B0D /* ProductListRouter.swift in Sources */,
				47FD25992BD9F6110083CF91 /* MockProductListViewController.swift in Sources */,
				47180C322BCC766C00078B37 /* ProductDetailPresenter.swift in Sources */,
				47180C382BCC943300078B37 /* ProductDetailsViewPresenter.swift in Sources */,
				47CE7A3B2BD6B911005ABD27 /* URL+Extension.swift in Sources */,
				47180C442BCEE0A500078B37 /* ProductListCellBuilder.swift in Sources */,
				47CE7A3D2BD6BA10005ABD27 /* UITableView+Extension.swift in Sources */,
				47CE7A272BD59660005ABD27 /* CartListCellPresenter.swift in Sources */,
				47CE7A2E2BD6A400005ABD27 /* CartListContainerView.swift in Sources */,
				47CE7A4D2BD86F6F005ABD27 /* HeaderView.swift in Sources */,
				47003A182BD3D2FE008B937A /* CartButtonView.swift in Sources */,
				476D78C72BC99CE600C7AA57 /* UINavigationController+Extension.swift in Sources */,
				47CE7A292BD59AED005ABD27 /* CartListCellInteractor.swift in Sources */,
				476D78D02BC9EEF300C7AA57 /* ProductListCell.swift in Sources */,
				47180C302BCC762800078B37 /* ProductDetailInteractor.swift in Sources */,
				47CE7A2B2BD59E04005ABD27 /* CartListCellBuilder.swift in Sources */,
				47E670A02BC42A4A00517B0D /* AppDelegate.swift in Sources */,
				476D78D82BCB4FBF00C7AA57 /* NetworkManager.swift in Sources */,
				47CE7A352BD6B563005ABD27 /* UITableViewCell+Extension.swift in Sources */,
				47CE7A332BD6B451005ABD27 /* UICollectionViewCell+Extension.swift in Sources */,
				47180C422BCEDEF300078B37 /* ProductListCellPresenter.swift in Sources */,
				47E670F62BC43E6000517B0D /* ProductListViewController.swift in Sources */,
				47180C362BCC92B900078B37 /* ProductDetailsView.swift in Sources */,
				47E670FA2BC43E7B00517B0D /* ProductListInteractor.swift in Sources */,
				476D78DA2BCB506200C7AA57 /* APIEndpoint.swift in Sources */,
				47E671032BC43FD500517B0D /* ProductListEntity.swift in Sources */,
				47180C342BCC76F000078B37 /* ProductDetailRouter.swift in Sources */,
				47E670FC2BC43E8600517B0D /* ProductListPresenter.swift in Sources */,
				47CE7A252BD59535005ABD27 /* CartListCell.swift in Sources */,
				47180C502BCF192B00078B37 /* ProductListCellInteractor.swift in Sources */,
				47FD25922BD9ADE00083CF91 /* Observable.swift in Sources */,
				47CE7A392BD6B5B4005ABD27 /* UIImage+Extension.swift in Sources */,
				47180C462BCEE6C800078B37 /* ProductRepository.swift in Sources */,
				47180C3C2BCDCEB300078B37 /* CartStatusContainerView.swift in Sources */,
				47E670A22BC42A4A00517B0D /* SceneDelegate.swift in Sources */,
				47180C3A2BCC95E400078B37 /* ProductDetailsViewBuilder.swift in Sources */,
				47CE7A162BD58B1B005ABD27 /* CartListViewController.swift in Sources */,
				47180C2E2BCC75D000078B37 /* ProductDetailViewController.swift in Sources */,
				476D78C52BC99C2000C7AA57 /* Constants.swift in Sources */,
				47CE7A1A2BD58BAC005ABD27 /* CartListInteractor.swift in Sources */,
				47CE7A1C2BD58BFC005ABD27 /* CartListPresenter.swift in Sources */,
				47180C492BCEE74A00078B37 /* GetirFinalProject.xcdatamodeld in Sources */,
				47CE7A3F2BD6BBA2005ABD27 /* UICollectionView+Extension.swift in Sources */,
				47CE7A372BD6B5A6005ABD27 /* UIColor+Extension.swift in Sources */,
			);
			runOnlyForDeploymentPostprocessing = 0;
		};
		47E670AE2BC42A4C00517B0D /* Sources */ = {
			isa = PBXSourcesBuildPhase;
			buildActionMask = 2147483647;
			files = (
				47FD25A62BDA012C0083CF91 /* MockProductDetailInteractor.swift in Sources */,
				47FD259C2BD9F6EA0083CF91 /* ProductListPresenterTest.swift in Sources */,
				47FD25A42BDA011B0083CF91 /* MockProductDetailViewController.swift in Sources */,
				47FD25AA2BDA014B0083CF91 /* ProductDetailPresenterTest.swift in Sources */,
				47FD25A82BDA01380083CF91 /* MockProductDetailRouter.swift in Sources */,
				47FD25A12BD9F8A00083CF91 /* MockProductListRouter.swift in Sources */,
				47FD25A02BD9F8060083CF91 /* MockProductListInteractor.swift in Sources */,
			);
			runOnlyForDeploymentPostprocessing = 0;
		};
/* End PBXSourcesBuildPhase section */

/* Begin PBXTargetDependency section */
		47E670B42BC42A4C00517B0D /* PBXTargetDependency */ = {
			isa = PBXTargetDependency;
			target = 47E6709B2BC42A4A00517B0D /* GetirFinalProject */;
			targetProxy = 47E670B32BC42A4C00517B0D /* PBXContainerItemProxy */;
		};
/* End PBXTargetDependency section */

/* Begin PBXVariantGroup section */
		47E670AA2BC42A4C00517B0D /* LaunchScreen.storyboard */ = {
			isa = PBXVariantGroup;
			children = (
				47E670AB2BC42A4C00517B0D /* Base */,
			);
			name = LaunchScreen.storyboard;
			sourceTree = "<group>";
		};
/* End PBXVariantGroup section */

/* Begin XCBuildConfiguration section */
		47E670C42BC42A4C00517B0D /* Debug */ = {
			isa = XCBuildConfiguration;
			buildSettings = {
				ALWAYS_SEARCH_USER_PATHS = NO;
				ASSETCATALOG_COMPILER_GENERATE_SWIFT_ASSET_SYMBOL_EXTENSIONS = YES;
				CLANG_ANALYZER_LOCALIZABILITY_NONLOCALIZED = YES;
				CLANG_ANALYZER_NONNULL = YES;
				CLANG_ANALYZER_NUMBER_OBJECT_CONVERSION = YES_AGGRESSIVE;
				CLANG_CXX_LANGUAGE_STANDARD = "gnu++20";
				CLANG_ENABLE_MODULES = YES;
				CLANG_ENABLE_OBJC_ARC = YES;
				CLANG_ENABLE_OBJC_WEAK = YES;
				CLANG_WARN_BLOCK_CAPTURE_AUTORELEASING = YES;
				CLANG_WARN_BOOL_CONVERSION = YES;
				CLANG_WARN_COMMA = YES;
				CLANG_WARN_CONSTANT_CONVERSION = YES;
				CLANG_WARN_DEPRECATED_OBJC_IMPLEMENTATIONS = YES;
				CLANG_WARN_DIRECT_OBJC_ISA_USAGE = YES_ERROR;
				CLANG_WARN_DOCUMENTATION_COMMENTS = YES;
				CLANG_WARN_EMPTY_BODY = YES;
				CLANG_WARN_ENUM_CONVERSION = YES;
				CLANG_WARN_INFINITE_RECURSION = YES;
				CLANG_WARN_INT_CONVERSION = YES;
				CLANG_WARN_NON_LITERAL_NULL_CONVERSION = YES;
				CLANG_WARN_OBJC_IMPLICIT_RETAIN_SELF = YES;
				CLANG_WARN_OBJC_LITERAL_CONVERSION = YES;
				CLANG_WARN_OBJC_ROOT_CLASS = YES_ERROR;
				CLANG_WARN_QUOTED_INCLUDE_IN_FRAMEWORK_HEADER = YES;
				CLANG_WARN_RANGE_LOOP_ANALYSIS = YES;
				CLANG_WARN_STRICT_PROTOTYPES = YES;
				CLANG_WARN_SUSPICIOUS_MOVE = YES;
				CLANG_WARN_UNGUARDED_AVAILABILITY = YES_AGGRESSIVE;
				CLANG_WARN_UNREACHABLE_CODE = YES;
				CLANG_WARN__DUPLICATE_METHOD_MATCH = YES;
				COPY_PHASE_STRIP = NO;
				DEBUG_INFORMATION_FORMAT = dwarf;
				ENABLE_STRICT_OBJC_MSGSEND = YES;
				ENABLE_TESTABILITY = YES;
				ENABLE_USER_SCRIPT_SANDBOXING = YES;
				GCC_C_LANGUAGE_STANDARD = gnu17;
				GCC_DYNAMIC_NO_PIC = NO;
				GCC_NO_COMMON_BLOCKS = YES;
				GCC_OPTIMIZATION_LEVEL = 0;
				GCC_PREPROCESSOR_DEFINITIONS = (
					"DEBUG=1",
					"$(inherited)",
				);
				GCC_WARN_64_TO_32_BIT_CONVERSION = YES;
				GCC_WARN_ABOUT_RETURN_TYPE = YES_ERROR;
				GCC_WARN_UNDECLARED_SELECTOR = YES;
				GCC_WARN_UNINITIALIZED_AUTOS = YES_AGGRESSIVE;
				GCC_WARN_UNUSED_FUNCTION = YES;
				GCC_WARN_UNUSED_VARIABLE = YES;
				INFOPLIST_FILE = "";
				IPHONEOS_DEPLOYMENT_TARGET = 15.0;
				LOCALIZATION_PREFERS_STRING_CATALOGS = YES;
				MTL_ENABLE_DEBUG_INFO = INCLUDE_SOURCE;
				MTL_FAST_MATH = YES;
				ONLY_ACTIVE_ARCH = YES;
				SDKROOT = iphoneos;
				SWIFT_ACTIVE_COMPILATION_CONDITIONS = "DEBUG $(inherited)";
				SWIFT_OPTIMIZATION_LEVEL = "-Onone";
			};
			name = Debug;
		};
		47E670C52BC42A4C00517B0D /* Release */ = {
			isa = XCBuildConfiguration;
			buildSettings = {
				ALWAYS_SEARCH_USER_PATHS = NO;
				ASSETCATALOG_COMPILER_GENERATE_SWIFT_ASSET_SYMBOL_EXTENSIONS = YES;
				CLANG_ANALYZER_LOCALIZABILITY_NONLOCALIZED = YES;
				CLANG_ANALYZER_NONNULL = YES;
				CLANG_ANALYZER_NUMBER_OBJECT_CONVERSION = YES_AGGRESSIVE;
				CLANG_CXX_LANGUAGE_STANDARD = "gnu++20";
				CLANG_ENABLE_MODULES = YES;
				CLANG_ENABLE_OBJC_ARC = YES;
				CLANG_ENABLE_OBJC_WEAK = YES;
				CLANG_WARN_BLOCK_CAPTURE_AUTORELEASING = YES;
				CLANG_WARN_BOOL_CONVERSION = YES;
				CLANG_WARN_COMMA = YES;
				CLANG_WARN_CONSTANT_CONVERSION = YES;
				CLANG_WARN_DEPRECATED_OBJC_IMPLEMENTATIONS = YES;
				CLANG_WARN_DIRECT_OBJC_ISA_USAGE = YES_ERROR;
				CLANG_WARN_DOCUMENTATION_COMMENTS = YES;
				CLANG_WARN_EMPTY_BODY = YES;
				CLANG_WARN_ENUM_CONVERSION = YES;
				CLANG_WARN_INFINITE_RECURSION = YES;
				CLANG_WARN_INT_CONVERSION = YES;
				CLANG_WARN_NON_LITERAL_NULL_CONVERSION = YES;
				CLANG_WARN_OBJC_IMPLICIT_RETAIN_SELF = YES;
				CLANG_WARN_OBJC_LITERAL_CONVERSION = YES;
				CLANG_WARN_OBJC_ROOT_CLASS = YES_ERROR;
				CLANG_WARN_QUOTED_INCLUDE_IN_FRAMEWORK_HEADER = YES;
				CLANG_WARN_RANGE_LOOP_ANALYSIS = YES;
				CLANG_WARN_STRICT_PROTOTYPES = YES;
				CLANG_WARN_SUSPICIOUS_MOVE = YES;
				CLANG_WARN_UNGUARDED_AVAILABILITY = YES_AGGRESSIVE;
				CLANG_WARN_UNREACHABLE_CODE = YES;
				CLANG_WARN__DUPLICATE_METHOD_MATCH = YES;
				COPY_PHASE_STRIP = NO;
				DEBUG_INFORMATION_FORMAT = "dwarf-with-dsym";
				ENABLE_NS_ASSERTIONS = NO;
				ENABLE_STRICT_OBJC_MSGSEND = YES;
				ENABLE_USER_SCRIPT_SANDBOXING = YES;
				GCC_C_LANGUAGE_STANDARD = gnu17;
				GCC_NO_COMMON_BLOCKS = YES;
				GCC_WARN_64_TO_32_BIT_CONVERSION = YES;
				GCC_WARN_ABOUT_RETURN_TYPE = YES_ERROR;
				GCC_WARN_UNDECLARED_SELECTOR = YES;
				GCC_WARN_UNINITIALIZED_AUTOS = YES_AGGRESSIVE;
				GCC_WARN_UNUSED_FUNCTION = YES;
				GCC_WARN_UNUSED_VARIABLE = YES;
				INFOPLIST_FILE = "";
				IPHONEOS_DEPLOYMENT_TARGET = 15.0;
				LOCALIZATION_PREFERS_STRING_CATALOGS = YES;
				MTL_ENABLE_DEBUG_INFO = NO;
				MTL_FAST_MATH = YES;
				SDKROOT = iphoneos;
				SWIFT_COMPILATION_MODE = wholemodule;
				VALIDATE_PRODUCT = YES;
			};
			name = Release;
		};
		47E670C72BC42A4C00517B0D /* Debug */ = {
			isa = XCBuildConfiguration;
			buildSettings = {
				ASSETCATALOG_COMPILER_APPICON_NAME = AppIcon;
				ASSETCATALOG_COMPILER_GLOBAL_ACCENT_COLOR_NAME = AccentColor;
				CODE_SIGN_STYLE = Automatic;
				CURRENT_PROJECT_VERSION = 1;
				DEVELOPMENT_TEAM = W8YZQLY66R;
				ENABLE_USER_SCRIPT_SANDBOXING = NO;
				GENERATE_INFOPLIST_FILE = YES;
				INFOPLIST_FILE = GetirFinalProject/App/Info.plist;
				INFOPLIST_KEY_UIApplicationSupportsIndirectInputEvents = YES;
				INFOPLIST_KEY_UILaunchStoryboardName = LaunchScreen;
				INFOPLIST_KEY_UISupportedInterfaceOrientations = UIInterfaceOrientationPortrait;
				IPHONEOS_DEPLOYMENT_TARGET = 16.0;
				LD_RUNPATH_SEARCH_PATHS = (
					"$(inherited)",
					"@executable_path/Frameworks",
				);
				MARKETING_VERSION = 1.0;
				PRODUCT_BUNDLE_IDENTIFIER = com.batuunverdi.GetirFinalProject;
				PRODUCT_NAME = "$(TARGET_NAME)";
				SUPPORTED_PLATFORMS = "iphoneos iphonesimulator";
				SUPPORTS_MACCATALYST = NO;
				SUPPORTS_MAC_DESIGNED_FOR_IPHONE_IPAD = NO;
				SUPPORTS_XR_DESIGNED_FOR_IPHONE_IPAD = NO;
				SWIFT_EMIT_LOC_STRINGS = YES;
				SWIFT_VERSION = 5.0;
				TARGETED_DEVICE_FAMILY = 1;
			};
			name = Debug;
		};
		47E670C82BC42A4C00517B0D /* Release */ = {
			isa = XCBuildConfiguration;
			buildSettings = {
				ASSETCATALOG_COMPILER_APPICON_NAME = AppIcon;
				ASSETCATALOG_COMPILER_GLOBAL_ACCENT_COLOR_NAME = AccentColor;
				CODE_SIGN_STYLE = Automatic;
				CURRENT_PROJECT_VERSION = 1;
				DEVELOPMENT_TEAM = W8YZQLY66R;
				ENABLE_USER_SCRIPT_SANDBOXING = NO;
				GENERATE_INFOPLIST_FILE = YES;
				INFOPLIST_FILE = GetirFinalProject/App/Info.plist;
				INFOPLIST_KEY_UIApplicationSupportsIndirectInputEvents = YES;
				INFOPLIST_KEY_UILaunchStoryboardName = LaunchScreen;
				INFOPLIST_KEY_UISupportedInterfaceOrientations = UIInterfaceOrientationPortrait;
				IPHONEOS_DEPLOYMENT_TARGET = 16.0;
				LD_RUNPATH_SEARCH_PATHS = (
					"$(inherited)",
					"@executable_path/Frameworks",
				);
				MARKETING_VERSION = 1.0;
				PRODUCT_BUNDLE_IDENTIFIER = com.batuunverdi.GetirFinalProject;
				PRODUCT_NAME = "$(TARGET_NAME)";
				SUPPORTED_PLATFORMS = "iphoneos iphonesimulator";
				SUPPORTS_MACCATALYST = NO;
				SUPPORTS_MAC_DESIGNED_FOR_IPHONE_IPAD = NO;
				SUPPORTS_XR_DESIGNED_FOR_IPHONE_IPAD = NO;
				SWIFT_EMIT_LOC_STRINGS = YES;
				SWIFT_VERSION = 5.0;
				TARGETED_DEVICE_FAMILY = 1;
			};
			name = Release;
		};
		47E670CA2BC42A4C00517B0D /* Debug */ = {
			isa = XCBuildConfiguration;
			buildSettings = {
				ALWAYS_EMBED_SWIFT_STANDARD_LIBRARIES = YES;
				BUNDLE_LOADER = "$(TEST_HOST)";
				CODE_SIGN_STYLE = Automatic;
				CURRENT_PROJECT_VERSION = 1;
				DEVELOPMENT_TEAM = W8YZQLY66R;
				GENERATE_INFOPLIST_FILE = YES;
				IPHONEOS_DEPLOYMENT_TARGET = 16.0;
				MARKETING_VERSION = 1.0;
				PRODUCT_BUNDLE_IDENTIFIER = com.batuunverdi.GetirFinalProjectTests;
				PRODUCT_NAME = "$(TARGET_NAME)";
				SWIFT_EMIT_LOC_STRINGS = NO;
				SWIFT_VERSION = 5.0;
				TARGETED_DEVICE_FAMILY = "1,2";
				TEST_HOST = "$(BUILT_PRODUCTS_DIR)/GetirFinalProject.app/$(BUNDLE_EXECUTABLE_FOLDER_PATH)/GetirFinalProject";
			};
			name = Debug;
		};
		47E670CB2BC42A4C00517B0D /* Release */ = {
			isa = XCBuildConfiguration;
			buildSettings = {
				ALWAYS_EMBED_SWIFT_STANDARD_LIBRARIES = YES;
				BUNDLE_LOADER = "$(TEST_HOST)";
				CODE_SIGN_STYLE = Automatic;
				CURRENT_PROJECT_VERSION = 1;
				DEVELOPMENT_TEAM = W8YZQLY66R;
				GENERATE_INFOPLIST_FILE = YES;
				IPHONEOS_DEPLOYMENT_TARGET = 16.0;
				MARKETING_VERSION = 1.0;
				PRODUCT_BUNDLE_IDENTIFIER = com.batuunverdi.GetirFinalProjectTests;
				PRODUCT_NAME = "$(TARGET_NAME)";
				SWIFT_EMIT_LOC_STRINGS = NO;
				SWIFT_VERSION = 5.0;
				TARGETED_DEVICE_FAMILY = "1,2";
				TEST_HOST = "$(BUILT_PRODUCTS_DIR)/GetirFinalProject.app/$(BUNDLE_EXECUTABLE_FOLDER_PATH)/GetirFinalProject";
			};
			name = Release;
		};
/* End XCBuildConfiguration section */

/* Begin XCConfigurationList section */
		47E670972BC42A4A00517B0D /* Build configuration list for PBXProject "GetirFinalProject" */ = {
			isa = XCConfigurationList;
			buildConfigurations = (
				47E670C42BC42A4C00517B0D /* Debug */,
				47E670C52BC42A4C00517B0D /* Release */,
			);
			defaultConfigurationIsVisible = 0;
			defaultConfigurationName = Release;
		};
		47E670C62BC42A4C00517B0D /* Build configuration list for PBXNativeTarget "GetirFinalProject" */ = {
			isa = XCConfigurationList;
			buildConfigurations = (
				47E670C72BC42A4C00517B0D /* Debug */,
				47E670C82BC42A4C00517B0D /* Release */,
			);
			defaultConfigurationIsVisible = 0;
			defaultConfigurationName = Release;
		};
		47E670C92BC42A4C00517B0D /* Build configuration list for PBXNativeTarget "GetirFinalProjectTests" */ = {
			isa = XCConfigurationList;
			buildConfigurations = (
				47E670CA2BC42A4C00517B0D /* Debug */,
				47E670CB2BC42A4C00517B0D /* Release */,
			);
			defaultConfigurationIsVisible = 0;
			defaultConfigurationName = Release;
		};
/* End XCConfigurationList section */

/* Begin XCRemoteSwiftPackageReference section */
		47CE7A462BD85B09005ABD27 /* XCRemoteSwiftPackageReference "SDWebImage" */ = {
			isa = XCRemoteSwiftPackageReference;
			repositoryURL = "https://github.com/SDWebImage/SDWebImage.git";
			requirement = {
				kind = upToNextMajorVersion;
				minimumVersion = 5.19.1;
			};
		};
		47E671042BC4474D00517B0D /* XCRemoteSwiftPackageReference "Moya" */ = {
			isa = XCRemoteSwiftPackageReference;
			repositoryURL = "https://github.com/Moya/Moya.git";
			requirement = {
				kind = upToNextMajorVersion;
				minimumVersion = 15.0.3;
			};
		};
/* End XCRemoteSwiftPackageReference section */

/* Begin XCSwiftPackageProductDependency section */
		47CE7A472BD85B09005ABD27 /* SDWebImage */ = {
			isa = XCSwiftPackageProductDependency;
			package = 47CE7A462BD85B09005ABD27 /* XCRemoteSwiftPackageReference "SDWebImage" */;
			productName = SDWebImage;
		};
		47CE7A492BD85B09005ABD27 /* SDWebImageMapKit */ = {
			isa = XCSwiftPackageProductDependency;
			package = 47CE7A462BD85B09005ABD27 /* XCRemoteSwiftPackageReference "SDWebImage" */;
			productName = SDWebImageMapKit;
		};
		47E671052BC4474D00517B0D /* CombineMoya */ = {
			isa = XCSwiftPackageProductDependency;
			package = 47E671042BC4474D00517B0D /* XCRemoteSwiftPackageReference "Moya" */;
			productName = CombineMoya;
		};
		47E671072BC4474D00517B0D /* Moya */ = {
			isa = XCSwiftPackageProductDependency;
			package = 47E671042BC4474D00517B0D /* XCRemoteSwiftPackageReference "Moya" */;
			productName = Moya;
		};
		47E671092BC4474D00517B0D /* ReactiveMoya */ = {
			isa = XCSwiftPackageProductDependency;
			package = 47E671042BC4474D00517B0D /* XCRemoteSwiftPackageReference "Moya" */;
			productName = ReactiveMoya;
		};
		47E6710B2BC4474D00517B0D /* RxMoya */ = {
			isa = XCSwiftPackageProductDependency;
			package = 47E671042BC4474D00517B0D /* XCRemoteSwiftPackageReference "Moya" */;
			productName = RxMoya;
		};
/* End XCSwiftPackageProductDependency section */

/* Begin XCVersionGroup section */
		47180C472BCEE74A00078B37 /* GetirFinalProject.xcdatamodeld */ = {
			isa = XCVersionGroup;
			children = (
				47180C482BCEE74A00078B37 /* ProductInCart.xcdatamodel */,
			);
			currentVersion = 47180C482BCEE74A00078B37 /* ProductInCart.xcdatamodel */;
			path = GetirFinalProject.xcdatamodeld;
			sourceTree = "<group>";
			versionGroupType = wrapper.xcdatamodel;
		};
/* End XCVersionGroup section */
	};
	rootObject = 47E670942BC42A4A00517B0D /* Project object */;
}
